
Microsoft Visual Studio Solution File, Format Version 12.00
# Visual Studio Version 17
VisualStudioVersion = 17.7.34202.233
MinimumVisualStudioVersion = 10.0.40219.1
Project("{2150E333-8FDC-42A3-9474-1A3956D46DE8}") = "Solution Items", "Solution Items", "{06463A8F-DB3F-4463-9D99-FE468AE13A45}"
	ProjectSection(SolutionItems) = preProject
		.gitignore = .gitignore
		README.md = README.md
	EndProjectSection
EndProject
Project("{2150E333-8FDC-42A3-9474-1A3956D46DE8}") = "Libraries", "Libraries", "{C5F76759-1EF1-457D-8021-E171A6943413}"
EndProject
Project("{9A19103F-16F7-4668-BE54-9A1E7A4F7556}") = "TteLcl.JsonRewrite", "TteLcl.JsonRewrite\TteLcl.JsonRewrite.csproj", "{4C726DD2-C8DD-422A-8CA7-4A22366322FE}"
EndProject
Project("{2150E333-8FDC-42A3-9474-1A3956D46DE8}") = "Applications", "Applications", "{7178EC4B-74FD-4140-9FDE-B3BE3A04084C}"
EndProject
Project("{F2A71F9B-5D33-465A-A702-920D77279786}") = "jsonnormalize", "jsonnormalize\jsonnormalize.fsproj", "{E9B35A2D-9E53-40CD-80B6-E63AA4FBB1D6}"
EndProject
Project("{F2A71F9B-5D33-465A-A702-920D77279786}") = "jsonstructure", "jsonstructure\jsonstructure.fsproj", "{5A708773-CCFB-4FC5-8B7F-434A1073CDF8}"
EndProject
Global
	GlobalSection(SolutionConfigurationPlatforms) = preSolution
		Debug|Any CPU = Debug|Any CPU
		Release|Any CPU = Release|Any CPU
	EndGlobalSection
	GlobalSection(ProjectConfigurationPlatforms) = postSolution
		{4C726DD2-C8DD-422A-8CA7-4A22366322FE}.Debug|Any CPU.ActiveCfg = Debug|Any CPU
		{4C726DD2-C8DD-422A-8CA7-4A22366322FE}.Debug|Any CPU.Build.0 = Debug|Any CPU
		{4C726DD2-C8DD-422A-8CA7-4A22366322FE}.Release|Any CPU.ActiveCfg = Release|Any CPU
		{4C726DD2-C8DD-422A-8CA7-4A22366322FE}.Release|Any CPU.Build.0 = Release|Any CPU
		{E9B35A2D-9E53-40CD-80B6-E63AA4FBB1D6}.Debug|Any CPU.ActiveCfg = Debug|Any CPU
		{E9B35A2D-9E53-40CD-80B6-E63AA4FBB1D6}.Debug|Any CPU.Build.0 = Debug|Any CPU
		{E9B35A2D-9E53-40CD-80B6-E63AA4FBB1D6}.Release|Any CPU.ActiveCfg = Release|Any CPU
		{E9B35A2D-9E53-40CD-80B6-E63AA4FBB1D6}.Release|Any CPU.Build.0 = Release|Any CPU
		{5A708773-CCFB-4FC5-8B7F-434A1073CDF8}.Debug|Any CPU.ActiveCfg = Debug|Any CPU
		{5A708773-CCFB-4FC5-8B7F-434A1073CDF8}.Debug|Any CPU.Build.0 = Debug|Any CPU
		{5A708773-CCFB-4FC5-8B7F-434A1073CDF8}.Release|Any CPU.ActiveCfg = Release|Any CPU
		{5A708773-CCFB-4FC5-8B7F-434A1073CDF8}.Release|Any CPU.Build.0 = Release|Any CPU
	EndGlobalSection
	GlobalSection(SolutionProperties) = preSolution
		HideSolutionNode = FALSE
	EndGlobalSection
	GlobalSection(NestedProjects) = preSolution
		{4C726DD2-C8DD-422A-8CA7-4A22366322FE} = {C5F76759-1EF1-457D-8021-E171A6943413}
		{E9B35A2D-9E53-40CD-80B6-E63AA4FBB1D6} = {7178EC4B-74FD-4140-9FDE-B3BE3A04084C}
		{5A708773-CCFB-4FC5-8B7F-434A1073CDF8} = {7178EC4B-74FD-4140-9FDE-B3BE3A04084C}
	EndGlobalSection
	GlobalSection(ExtensibilityGlobals) = postSolution
		SolutionGuid = {664435FF-8188-4E52-A71C-2DD1281EBCC6}
	EndGlobalSection
EndGlobal
